
Microsoft Visual Studio Solution File, Format Version 12.00
# Visual Studio Version 17
VisualStudioVersion = 17.8.34525.116
MinimumVisualStudioVersion = 10.0.40219.1
Project("{FAE04EC0-301F-11D3-BF4B-00C04F79EFBC}") = "Lab7", "Lab7\Lab7.csproj", "{070ED874-8592-47FA-94E6-D32D758DCDAA}"
EndProject
Global
	GlobalSection(SolutionConfigurationPlatforms) = preSolution
		Debug|Any CPU = Debug|Any CPU
		Release|Any CPU = Release|Any CPU
	EndGlobalSection
	GlobalSection(ProjectConfigurationPlatforms) = postSolution
		{070ED874-8592-47FA-94E6-D32D758DCDAA}.Debug|Any CPU.ActiveCfg = Debug|Any CPU
		{070ED874-8592-47FA-94E6-D32D758DCDAA}.Debug|Any CPU.Build.0 = Debug|Any CPU
		{070ED874-8592-47FA-94E6-D32D758DCDAA}.Release|Any CPU.ActiveCfg = Release|Any CPU
		{070ED874-8592-47FA-94E6-D32D758DCDAA}.Release|Any CPU.Build.0 = Release|Any CPU
	EndGlobalSection
	GlobalSection(SolutionProperties) = preSolution
		HideSolutionNode = FALSE
	EndGlobalSection
	GlobalSection(ExtensibilityGlobals) = postSolution
		SolutionGuid = {1182E01C-FED6-482A-9582-1A281AAB2B54}
	EndGlobalSection
EndGlobal
